lockfileVersion: '6.0'

settings:
  autoInstallPeers: true
  excludeLinksFromLockfile: false

dependencies:
  '@headlessui/react':
    specifier: ^1.7.18
    version: 1.7.18(react-dom@18.2.0)(react@18.2.0)
  '@heroicons/react':
    specifier: ^2.1.1
    version: 2.1.1(react@18.2.0)
  react-icons:
    specifier: ^5.0.1
    version: 5.0.1(react@18.2.0)

packages:

  /@headlessui/react@1.7.18(react-dom@18.2.0)(react@18.2.0):
    resolution: {integrity: sha512-4i5DOrzwN4qSgNsL4Si61VMkUcWbcSKueUV7sFhpHzQcSShdlHENE5+QBntMSRvHt8NyoFO2AGG8si9lq+w4zQ==}
    engines: {node: '>=10'}
    peerDependencies:
      react: ^16 || ^17 || ^18
      react-dom: ^16 || ^17 || ^18
    dependencies:
      '@tanstack/react-virtual': 3.0.2(react-dom@18.2.0)(react@18.2.0)
      client-only: 0.0.1
      react: 18.2.0
      react-dom: 18.2.0(react@18.2.0)
    dev: false

  /@heroicons/react@2.1.1(react@18.2.0):
    resolution: {integrity: sha512-JyyN9Lo66kirbCMuMMRPtJxtKJoIsXKS569ebHGGRKbl8s4CtUfLnyKJxteA+vIKySocO4s1SkTkGS4xtG/yEA==}
    peerDependencies:
      react: '>= 16'
    dependencies:
      react: 18.2.0
    dev: false

  /@tanstack/react-virtual@3.0.2(react-dom@18.2.0)(react@18.2.0):
    resolution: {integrity: sha512-9XbRLPKgnhMwwmuQMnJMv+5a9sitGNCSEtf/AZXzmJdesYk7XsjYHaEDny+IrJzvPNwZliIIDwCRiaUqR3zzCA==}
    peerDependencies:
      react: ^16.8.0 || ^17.0.0 || ^18.0.0
      react-dom: ^16.8.0 || ^17.0.0 || ^18.0.0
    dependencies:
      '@tanstack/virtual-core': 3.0.0
      react: 18.2.0
      react-dom: 18.2.0(react@18.2.0)
    dev: false

  /@tanstack/virtual-core@3.0.0:
    resolution: {integrity: sha512-SYXOBTjJb05rXa2vl55TTwO40A6wKu0R5i1qQwhJYNDIqaIGF7D0HsLw+pJAyi2OvntlEIVusx3xtbbgSUi6zg==}
    dev: false

  /client-only@0.0.1:
    resolution: {integrity: sha512-IV3Ou0jSMzZrd3pZ48nLkT9DA7Ag1pnPzaiQhpW7c3RbcqqzvzzVu+L8gfqMp/8IM2MQtSiqaCxrrcfu8I8rMA==}
    dev: false

  /js-tokens@4.0.0:
    resolution: {integrity: sha512-RdJUflcE3cUzKiMqQgsCu06FPu9UdIJO0beYbPhHN4k6apgJtifcoCtT9bcxOpYBtpD2kCM6Sbzg4CausW/PKQ==}
    dev: false

  /loose-envify@1.4.0:
    resolution: {integrity: sha512-lyuxPGr/Wfhrlem2CL/UcnUc1zcqKAImBDzukY7Y5F/yQiNdko6+fRLevlw1HgMySw7f611UIY408EtxRSoK3Q==}
    hasBin: true
    dependencies:
      js-tokens: 4.0.0
    dev: false

  /react-dom@18.2.0(react@18.2.0):
    resolution: {integrity: sha512-6IMTriUmvsjHUjNtEDudZfuDQUoWXVxKHhlEGSk81n4YFS+r/Kl99wXiwlVXtPBtJenozv2P+hxDsw9eA7Xo6g==}
    peerDependencies:
      react: ^18.2.0
    dependencies:
      loose-envify: 1.4.0
      react: 18.2.0
      scheduler: 0.23.0
    dev: false

  /react-icons@5.0.1(react@18.2.0):
    resolution: {integrity: sha512-WqLZJ4bLzlhmsvme6iFdgO8gfZP17rfjYEJ2m9RsZjZ+cc4k1hTzknEz63YS1MeT50kVzoa1Nz36f4BEx+Wigw==}
    peerDependencies:
      react: '*'
    dependencies:
      react: 18.2.0
    dev: false

  /react@18.2.0:
    resolution: {integrity: sha512-/3IjMdb2L9QbBdWiW5e3P2/npwMBaU9mHCSCUzNln0ZCYbcfTsGbTJrU/kGemdH2IWmB2ioZ+zkxtmq6g09fGQ==}
    engines: {node: '>=0.10.0'}
    dependencies:
      loose-envify: 1.4.0
    dev: false

  /scheduler@0.23.0:
    resolution: {integrity: sha512-CtuThmgHNg7zIZWAXi3AsyIzA3n4xx7aNyjwC2VJldO2LMVDhFK+63xGqq6CsJH4rTAt6/M+N4GhZiDYPx9eUw==}
    dependencies:
      loose-envify: 1.4.0
    dev: false
